# This file is automatically @generated by Cargo.
# It is not intended for manual editing.
version = 4

[[package]]
name = "fs-gum-sde"
version = "0.1.0"
dependencies = [
 "fs-math",
 "fs-rand",
]

[[package]]
name = "fs-math"
version = "0.0.1"

[[package]]
name = "fs-rand"
version = "0.0.1"
dependencies = [
 "fs-math",
]
